
Microsoft Visual Studio Solution File, Format Version 12.00
# Visual Studio Version 16
VisualStudioVersion = 16.0.29215.179
MinimumVisualStudioVersion = 10.0.40219.1
Project("{8BC9CEB8-8B4A-11D0-8D11-00A0C91BC942}") = "QueueStack", "QueueStack\QueueStack.vcxproj", "{5A6125DD-905E-42A8-B0A7-13B9D227612C}"
EndProject
Project("{8BC9CEB8-8B4A-11D0-8D11-00A0C91BC942}") = "LinkedList", "LinkedList\LinkedList.vcxproj", "{607790F3-C035-48E4-9978-1510DB7A0FAD}"
EndProject
Project("{8BC9CEB8-8B4A-11D0-8D11-00A0C91BC942}") = "BinarySearch", "BinarySearch\BinarySearch.vcxproj", "{E0DCFBB7-620C-4C95-A163-B443F9E31839}"
EndProject
Project("{8BC9CEB8-8B4A-11D0-8D11-00A0C91BC942}") = "Heap", "Heap\Heap.vcxproj", "{52952158-5D18-4A25-B41A-9396FE16B37A}"
EndProject
Project("{8BC9CEB8-8B4A-11D0-8D11-00A0C91BC942}") = "HashString", "HashString\HashString.vcxproj", "{728270C7-A7BD-401D-8D0A-35B8FF659CF6}"
EndProject
Project("{8BC9CEB8-8B4A-11D0-8D11-00A0C91BC942}") = "Bit", "Bit\Bit.vcxproj", "{A04F8B60-B493-425F-9D7B-7CAEF87AC3B8}"
EndProject
Project("{8BC9CEB8-8B4A-11D0-8D11-00A0C91BC942}") = "Array", "Array\Array.vcxproj", "{39A77DFE-DC0A-4905-853C-0F23B458404A}"
EndProject
Project("{8BC9CEB8-8B4A-11D0-8D11-00A0C91BC942}") = "DP", "DP\DP.vcxproj", "{C8EC9218-2826-46D4-B046-C8E28FA0C1E2}"
EndProject
Project("{8BC9CEB8-8B4A-11D0-8D11-00A0C91BC942}") = "OOD", "OOD\OOD.vcxproj", "{0083FDB4-2E82-4301-B676-812F636267A9}"
EndProject
Project("{8BC9CEB8-8B4A-11D0-8D11-00A0C91BC942}") = "Sampling", "Sampling\Sampling.vcxproj", "{8C9D09A0-A75F-4F7E-B564-73A2928DAB33}"
EndProject
Project("{8BC9CEB8-8B4A-11D0-8D11-00A0C91BC942}") = "Sorting", "Sorting\Sorting.vcxproj", "{E9228EEB-9314-46E6-85E2-6E0918656E57}"
EndProject
Project("{8BC9CEB8-8B4A-11D0-8D11-00A0C91BC942}") = "BinaryTree", "BinaryTree\BinaryTree.vcxproj", "{D6B23B4C-417A-4D56-A92A-348715DE2306}"
EndProject
Project("{8BC9CEB8-8B4A-11D0-8D11-00A0C91BC942}") = "Recursion", "Recursion\Recursion.vcxproj", "{1AC17CF9-13FB-47DD-B0A0-60E774B4A6D2}"
EndProject
Project("{8BC9CEB8-8B4A-11D0-8D11-00A0C91BC942}") = "BFS", "BFS\BFS.vcxproj", "{F62034B8-59BA-4DDF-8737-3F2A6D5A1F1A}"
EndProject
Project("{8BC9CEB8-8B4A-11D0-8D11-00A0C91BC942}") = "DFS", "DFS\DFS.vcxproj", "{D8542179-8F20-46F3-AAED-508672D0900E}"
EndProject
Project("{8BC9CEB8-8B4A-11D0-8D11-00A0C91BC942}") = "Topology", "Topology\Topology.vcxproj", "{23B0576C-B887-48F6-8FE9-22D18CEAE426}"
EndProject
Project("{8BC9CEB8-8B4A-11D0-8D11-00A0C91BC942}") = "Trie", "Trie\Trie.vcxproj", "{5B515F14-4E66-4650-B5F2-BD6C60A92C65}"
EndProject
Project("{8BC9CEB8-8B4A-11D0-8D11-00A0C91BC942}") = "Amazon", "Amazon\Amazon.vcxproj", "{770EEFB3-9C1E-4D07-89FD-A10998ECE425}"
EndProject
Project("{2150E333-8FDC-42A3-9474-1A3956D46DE8}") = "Companies", "Companies", "{C57DE1C6-EC7F-4EB4-8A4C-9BE86095D07E}"
EndProject
Project("{2150E333-8FDC-42A3-9474-1A3956D46DE8}") = "DataStructs", "DataStructs", "{1D79BD9B-0C6C-498E-9E28-0105ACBBCE0E}"
EndProject
Project("{2150E333-8FDC-42A3-9474-1A3956D46DE8}") = "Algorithms", "Algorithms", "{DAC82564-B484-45CD-B2C9-8B165D62315D}"
EndProject
Project("{2150E333-8FDC-42A3-9474-1A3956D46DE8}") = "Design", "Design", "{199ADA42-3B48-4C06-A978-81A2AE4961A9}"
EndProject
Project("{8BC9CEB8-8B4A-11D0-8D11-00A0C91BC942}") = "LinkedIn", "LinkedIn\LinkedIn.vcxproj", "{4584BE5D-E5C4-43F0-B20A-6BAC70DE67CA}"
EndProject
Project("{8BC9CEB8-8B4A-11D0-8D11-00A0C91BC942}") = "Lyft", "Lyft\Lyft.vcxproj", "{8C292374-7C40-4E66-900E-AAA0F19AD8A0}"
EndProject
Global
	GlobalSection(SolutionConfigurationPlatforms) = preSolution
		Debug|x64 = Debug|x64
		Debug|x86 = Debug|x86
		Release|x64 = Release|x64
		Release|x86 = Release|x86
	EndGlobalSection
	GlobalSection(ProjectConfigurationPlatforms) = postSolution
		{5A6125DD-905E-42A8-B0A7-13B9D227612C}.Debug|x64.ActiveCfg = Debug|x64
		{5A6125DD-905E-42A8-B0A7-13B9D227612C}.Debug|x64.Build.0 = Debug|x64
		{5A6125DD-905E-42A8-B0A7-13B9D227612C}.Debug|x86.ActiveCfg = Debug|Win32
		{5A6125DD-905E-42A8-B0A7-13B9D227612C}.Debug|x86.Build.0 = Debug|Win32
		{5A6125DD-905E-42A8-B0A7-13B9D227612C}.Release|x64.ActiveCfg = Release|x64
		{5A6125DD-905E-42A8-B0A7-13B9D227612C}.Release|x64.Build.0 = Release|x64
		{5A6125DD-905E-42A8-B0A7-13B9D227612C}.Release|x86.ActiveCfg = Release|Win32
		{5A6125DD-905E-42A8-B0A7-13B9D227612C}.Release|x86.Build.0 = Release|Win32
		{607790F3-C035-48E4-9978-1510DB7A0FAD}.Debug|x64.ActiveCfg = Debug|x64
		{607790F3-C035-48E4-9978-1510DB7A0FAD}.Debug|x64.Build.0 = Debug|x64
		{607790F3-C035-48E4-9978-1510DB7A0FAD}.Debug|x86.ActiveCfg = Debug|Win32
		{607790F3-C035-48E4-9978-1510DB7A0FAD}.Debug|x86.Build.0 = Debug|Win32
		{607790F3-C035-48E4-9978-1510DB7A0FAD}.Release|x64.ActiveCfg = Release|x64
		{607790F3-C035-48E4-9978-1510DB7A0FAD}.Release|x64.Build.0 = Release|x64
		{607790F3-C035-48E4-9978-1510DB7A0FAD}.Release|x86.ActiveCfg = Release|Win32
		{607790F3-C035-48E4-9978-1510DB7A0FAD}.Release|x86.Build.0 = Release|Win32
		{E0DCFBB7-620C-4C95-A163-B443F9E31839}.Debug|x64.ActiveCfg = Debug|x64
		{E0DCFBB7-620C-4C95-A163-B443F9E31839}.Debug|x64.Build.0 = Debug|x64
		{E0DCFBB7-620C-4C95-A163-B443F9E31839}.Debug|x86.ActiveCfg = Debug|Win32
		{E0DCFBB7-620C-4C95-A163-B443F9E31839}.Debug|x86.Build.0 = Debug|Win32
		{E0DCFBB7-620C-4C95-A163-B443F9E31839}.Release|x64.ActiveCfg = Release|x64
		{E0DCFBB7-620C-4C95-A163-B443F9E31839}.Release|x64.Build.0 = Release|x64
		{E0DCFBB7-620C-4C95-A163-B443F9E31839}.Release|x86.ActiveCfg = Release|Win32
		{E0DCFBB7-620C-4C95-A163-B443F9E31839}.Release|x86.Build.0 = Release|Win32
		{52952158-5D18-4A25-B41A-9396FE16B37A}.Debug|x64.ActiveCfg = Debug|x64
		{52952158-5D18-4A25-B41A-9396FE16B37A}.Debug|x64.Build.0 = Debug|x64
		{52952158-5D18-4A25-B41A-9396FE16B37A}.Debug|x86.ActiveCfg = Debug|Win32
		{52952158-5D18-4A25-B41A-9396FE16B37A}.Debug|x86.Build.0 = Debug|Win32
		{52952158-5D18-4A25-B41A-9396FE16B37A}.Release|x64.ActiveCfg = Release|x64
		{52952158-5D18-4A25-B41A-9396FE16B37A}.Release|x64.Build.0 = Release|x64
		{52952158-5D18-4A25-B41A-9396FE16B37A}.Release|x86.ActiveCfg = Release|Win32
		{52952158-5D18-4A25-B41A-9396FE16B37A}.Release|x86.Build.0 = Release|Win32
		{728270C7-A7BD-401D-8D0A-35B8FF659CF6}.Debug|x64.ActiveCfg = Debug|x64
		{728270C7-A7BD-401D-8D0A-35B8FF659CF6}.Debug|x64.Build.0 = Debug|x64
		{728270C7-A7BD-401D-8D0A-35B8FF659CF6}.Debug|x86.ActiveCfg = Debug|Win32
		{728270C7-A7BD-401D-8D0A-35B8FF659CF6}.Debug|x86.Build.0 = Debug|Win32
		{728270C7-A7BD-401D-8D0A-35B8FF659CF6}.Release|x64.ActiveCfg = Release|x64
		{728270C7-A7BD-401D-8D0A-35B8FF659CF6}.Release|x64.Build.0 = Release|x64
		{728270C7-A7BD-401D-8D0A-35B8FF659CF6}.Release|x86.ActiveCfg = Release|Win32
		{728270C7-A7BD-401D-8D0A-35B8FF659CF6}.Release|x86.Build.0 = Release|Win32
		{A04F8B60-B493-425F-9D7B-7CAEF87AC3B8}.Debug|x64.ActiveCfg = Debug|x64
		{A04F8B60-B493-425F-9D7B-7CAEF87AC3B8}.Debug|x64.Build.0 = Debug|x64
		{A04F8B60-B493-425F-9D7B-7CAEF87AC3B8}.Debug|x86.ActiveCfg = Debug|Win32
		{A04F8B60-B493-425F-9D7B-7CAEF87AC3B8}.Debug|x86.Build.0 = Debug|Win32
		{A04F8B60-B493-425F-9D7B-7CAEF87AC3B8}.Release|x64.ActiveCfg = Release|x64
		{A04F8B60-B493-425F-9D7B-7CAEF87AC3B8}.Release|x64.Build.0 = Release|x64
		{A04F8B60-B493-425F-9D7B-7CAEF87AC3B8}.Release|x86.ActiveCfg = Release|Win32
		{A04F8B60-B493-425F-9D7B-7CAEF87AC3B8}.Release|x86.Build.0 = Release|Win32
		{39A77DFE-DC0A-4905-853C-0F23B458404A}.Debug|x64.ActiveCfg = Debug|x64
		{39A77DFE-DC0A-4905-853C-0F23B458404A}.Debug|x64.Build.0 = Debug|x64
		{39A77DFE-DC0A-4905-853C-0F23B458404A}.Debug|x86.ActiveCfg = Debug|Win32
		{39A77DFE-DC0A-4905-853C-0F23B458404A}.Debug|x86.Build.0 = Debug|Win32
		{39A77DFE-DC0A-4905-853C-0F23B458404A}.Release|x64.ActiveCfg = Release|x64
		{39A77DFE-DC0A-4905-853C-0F23B458404A}.Release|x64.Build.0 = Release|x64
		{39A77DFE-DC0A-4905-853C-0F23B458404A}.Release|x86.ActiveCfg = Release|Win32
		{39A77DFE-DC0A-4905-853C-0F23B458404A}.Release|x86.Build.0 = Release|Win32
		{C8EC9218-2826-46D4-B046-C8E28FA0C1E2}.Debug|x64.ActiveCfg = Debug|x64
		{C8EC9218-2826-46D4-B046-C8E28FA0C1E2}.Debug|x64.Build.0 = Debug|x64
		{C8EC9218-2826-46D4-B046-C8E28FA0C1E2}.Debug|x86.ActiveCfg = Debug|Win32
		{C8EC9218-2826-46D4-B046-C8E28FA0C1E2}.Debug|x86.Build.0 = Debug|Win32
		{C8EC9218-2826-46D4-B046-C8E28FA0C1E2}.Release|x64.ActiveCfg = Release|x64
		{C8EC9218-2826-46D4-B046-C8E28FA0C1E2}.Release|x64.Build.0 = Release|x64
		{C8EC9218-2826-46D4-B046-C8E28FA0C1E2}.Release|x86.ActiveCfg = Release|Win32
		{C8EC9218-2826-46D4-B046-C8E28FA0C1E2}.Release|x86.Build.0 = Release|Win32
		{0083FDB4-2E82-4301-B676-812F636267A9}.Debug|x64.ActiveCfg = Debug|x64
		{0083FDB4-2E82-4301-B676-812F636267A9}.Debug|x64.Build.0 = Debug|x64
		{0083FDB4-2E82-4301-B676-812F636267A9}.Debug|x86.ActiveCfg = Debug|Win32
		{0083FDB4-2E82-4301-B676-812F636267A9}.Debug|x86.Build.0 = Debug|Win32
		{0083FDB4-2E82-4301-B676-812F636267A9}.Release|x64.ActiveCfg = Release|x64
		{0083FDB4-2E82-4301-B676-812F636267A9}.Release|x64.Build.0 = Release|x64
		{0083FDB4-2E82-4301-B676-812F636267A9}.Release|x86.ActiveCfg = Release|Win32
		{0083FDB4-2E82-4301-B676-812F636267A9}.Release|x86.Build.0 = Release|Win32
		{8C9D09A0-A75F-4F7E-B564-73A2928DAB33}.Debug|x64.ActiveCfg = Debug|x64
		{8C9D09A0-A75F-4F7E-B564-73A2928DAB33}.Debug|x64.Build.0 = Debug|x64
		{8C9D09A0-A75F-4F7E-B564-73A2928DAB33}.Debug|x86.ActiveCfg = Debug|Win32
		{8C9D09A0-A75F-4F7E-B564-73A2928DAB33}.Debug|x86.Build.0 = Debug|Win32
		{8C9D09A0-A75F-4F7E-B564-73A2928DAB33}.Release|x64.ActiveCfg = Release|x64
		{8C9D09A0-A75F-4F7E-B564-73A2928DAB33}.Release|x64.Build.0 = Release|x64
		{8C9D09A0-A75F-4F7E-B564-73A2928DAB33}.Release|x86.ActiveCfg = Release|Win32
		{8C9D09A0-A75F-4F7E-B564-73A2928DAB33}.Release|x86.Build.0 = Release|Win32
		{E9228EEB-9314-46E6-85E2-6E0918656E57}.Debug|x64.ActiveCfg = Debug|x64
		{E9228EEB-9314-46E6-85E2-6E0918656E57}.Debug|x64.Build.0 = Debug|x64
		{E9228EEB-9314-46E6-85E2-6E0918656E57}.Debug|x86.ActiveCfg = Debug|Win32
		{E9228EEB-9314-46E6-85E2-6E0918656E57}.Debug|x86.Build.0 = Debug|Win32
		{E9228EEB-9314-46E6-85E2-6E0918656E57}.Release|x64.ActiveCfg = Release|x64
		{E9228EEB-9314-46E6-85E2-6E0918656E57}.Release|x64.Build.0 = Release|x64
		{E9228EEB-9314-46E6-85E2-6E0918656E57}.Release|x86.ActiveCfg = Release|Win32
		{E9228EEB-9314-46E6-85E2-6E0918656E57}.Release|x86.Build.0 = Release|Win32
		{D6B23B4C-417A-4D56-A92A-348715DE2306}.Debug|x64.ActiveCfg = Debug|x64
		{D6B23B4C-417A-4D56-A92A-348715DE2306}.Debug|x64.Build.0 = Debug|x64
		{D6B23B4C-417A-4D56-A92A-348715DE2306}.Debug|x86.ActiveCfg = Debug|Win32
		{D6B23B4C-417A-4D56-A92A-348715DE2306}.Debug|x86.Build.0 = Debug|Win32
		{D6B23B4C-417A-4D56-A92A-348715DE2306}.Release|x64.ActiveCfg = Release|x64
		{D6B23B4C-417A-4D56-A92A-348715DE2306}.Release|x64.Build.0 = Release|x64
		{D6B23B4C-417A-4D56-A92A-348715DE2306}.Release|x86.ActiveCfg = Release|Win32
		{D6B23B4C-417A-4D56-A92A-348715DE2306}.Release|x86.Build.0 = Release|Win32
		{1AC17CF9-13FB-47DD-B0A0-60E774B4A6D2}.Debug|x64.ActiveCfg = Debug|x64
		{1AC17CF9-13FB-47DD-B0A0-60E774B4A6D2}.Debug|x64.Build.0 = Debug|x64
		{1AC17CF9-13FB-47DD-B0A0-60E774B4A6D2}.Debug|x86.ActiveCfg = Debug|Win32
		{1AC17CF9-13FB-47DD-B0A0-60E774B4A6D2}.Debug|x86.Build.0 = Debug|Win32
		{1AC17CF9-13FB-47DD-B0A0-60E774B4A6D2}.Release|x64.ActiveCfg = Release|x64
		{1AC17CF9-13FB-47DD-B0A0-60E774B4A6D2}.Release|x64.Build.0 = Release|x64
		{1AC17CF9-13FB-47DD-B0A0-60E774B4A6D2}.Release|x86.ActiveCfg = Release|Win32
		{1AC17CF9-13FB-47DD-B0A0-60E774B4A6D2}.Release|x86.Build.0 = Release|Win32
		{F62034B8-59BA-4DDF-8737-3F2A6D5A1F1A}.Debug|x64.ActiveCfg = Debug|x64
		{F62034B8-59BA-4DDF-8737-3F2A6D5A1F1A}.Debug|x64.Build.0 = Debug|x64
		{F62034B8-59BA-4DDF-8737-3F2A6D5A1F1A}.Debug|x86.ActiveCfg = Debug|Win32
		{F62034B8-59BA-4DDF-8737-3F2A6D5A1F1A}.Debug|x86.Build.0 = Debug|Win32
		{F62034B8-59BA-4DDF-8737-3F2A6D5A1F1A}.Release|x64.ActiveCfg = Release|x64
		{F62034B8-59BA-4DDF-8737-3F2A6D5A1F1A}.Release|x64.Build.0 = Release|x64
		{F62034B8-59BA-4DDF-8737-3F2A6D5A1F1A}.Release|x86.ActiveCfg = Release|Win32
		{F62034B8-59BA-4DDF-8737-3F2A6D5A1F1A}.Release|x86.Build.0 = Release|Win32
		{D8542179-8F20-46F3-AAED-508672D0900E}.Debug|x64.ActiveCfg = Debug|x64
		{D8542179-8F20-46F3-AAED-508672D0900E}.Debug|x64.Build.0 = Debug|x64
		{D8542179-8F20-46F3-AAED-508672D0900E}.Debug|x86.ActiveCfg = Debug|Win32
		{D8542179-8F20-46F3-AAED-508672D0900E}.Debug|x86.Build.0 = Debug|Win32
		{D8542179-8F20-46F3-AAED-508672D0900E}.Release|x64.ActiveCfg = Release|x64
		{D8542179-8F20-46F3-AAED-508672D0900E}.Release|x64.Build.0 = Release|x64
		{D8542179-8F20-46F3-AAED-508672D0900E}.Release|x86.ActiveCfg = Release|Win32
		{D8542179-8F20-46F3-AAED-508672D0900E}.Release|x86.Build.0 = Release|Win32
		{23B0576C-B887-48F6-8FE9-22D18CEAE426}.Debug|x64.ActiveCfg = Debug|x64
		{23B0576C-B887-48F6-8FE9-22D18CEAE426}.Debug|x64.Build.0 = Debug|x64
		{23B0576C-B887-48F6-8FE9-22D18CEAE426}.Debug|x86.ActiveCfg = Debug|Win32
		{23B0576C-B887-48F6-8FE9-22D18CEAE426}.Debug|x86.Build.0 = Debug|Win32
		{23B0576C-B887-48F6-8FE9-22D18CEAE426}.Release|x64.ActiveCfg = Release|x64
		{23B0576C-B887-48F6-8FE9-22D18CEAE426}.Release|x64.Build.0 = Release|x64
		{23B0576C-B887-48F6-8FE9-22D18CEAE426}.Release|x86.ActiveCfg = Release|Win32
		{23B0576C-B887-48F6-8FE9-22D18CEAE426}.Release|x86.Build.0 = Release|Win32
		{5B515F14-4E66-4650-B5F2-BD6C60A92C65}.Debug|x64.ActiveCfg = Debug|x64
		{5B515F14-4E66-4650-B5F2-BD6C60A92C65}.Debug|x64.Build.0 = Debug|x64
		{5B515F14-4E66-4650-B5F2-BD6C60A92C65}.Debug|x86.ActiveCfg = Debug|Win32
		{5B515F14-4E66-4650-B5F2-BD6C60A92C65}.Debug|x86.Build.0 = Debug|Win32
		{5B515F14-4E66-4650-B5F2-BD6C60A92C65}.Release|x64.ActiveCfg = Release|x64
		{5B515F14-4E66-4650-B5F2-BD6C60A92C65}.Release|x64.Build.0 = Release|x64
		{5B515F14-4E66-4650-B5F2-BD6C60A92C65}.Release|x86.ActiveCfg = Release|Win32
		{5B515F14-4E66-4650-B5F2-BD6C60A92C65}.Release|x86.Build.0 = Release|Win32
		{770EEFB3-9C1E-4D07-89FD-A10998ECE425}.Debug|x64.ActiveCfg = Debug|x64
		{770EEFB3-9C1E-4D07-89FD-A10998ECE425}.Debug|x64.Build.0 = Debug|x64
		{770EEFB3-9C1E-4D07-89FD-A10998ECE425}.Debug|x86.ActiveCfg = Debug|Win32
		{770EEFB3-9C1E-4D07-89FD-A10998ECE425}.Debug|x86.Build.0 = Debug|Win32
		{770EEFB3-9C1E-4D07-89FD-A10998ECE425}.Release|x64.ActiveCfg = Release|x64
		{770EEFB3-9C1E-4D07-89FD-A10998ECE425}.Release|x64.Build.0 = Release|x64
		{770EEFB3-9C1E-4D07-89FD-A10998ECE425}.Release|x86.ActiveCfg = Release|Win32
		{770EEFB3-9C1E-4D07-89FD-A10998ECE425}.Release|x86.Build.0 = Release|Win32
		{4584BE5D-E5C4-43F0-B20A-6BAC70DE67CA}.Debug|x64.ActiveCfg = Debug|x64
		{4584BE5D-E5C4-43F0-B20A-6BAC70DE67CA}.Debug|x64.Build.0 = Debug|x64
		{4584BE5D-E5C4-43F0-B20A-6BAC70DE67CA}.Debug|x86.ActiveCfg = Debug|Win32
		{4584BE5D-E5C4-43F0-B20A-6BAC70DE67CA}.Debug|x86.Build.0 = Debug|Win32
		{4584BE5D-E5C4-43F0-B20A-6BAC70DE67CA}.Release|x64.ActiveCfg = Release|x64
		{4584BE5D-E5C4-43F0-B20A-6BAC70DE67CA}.Release|x64.Build.0 = Release|x64
		{4584BE5D-E5C4-43F0-B20A-6BAC70DE67CA}.Release|x86.ActiveCfg = Release|Win32
		{4584BE5D-E5C4-43F0-B20A-6BAC70DE67CA}.Release|x86.Build.0 = Release|Win32
		{8C292374-7C40-4E66-900E-AAA0F19AD8A0}.Debug|x64.ActiveCfg = Debug|x64
		{8C292374-7C40-4E66-900E-AAA0F19AD8A0}.Debug|x64.Build.0 = Debug|x64
		{8C292374-7C40-4E66-900E-AAA0F19AD8A0}.Debug|x86.ActiveCfg = Debug|Win32
		{8C292374-7C40-4E66-900E-AAA0F19AD8A0}.Debug|x86.Build.0 = Debug|Win32
		{8C292374-7C40-4E66-900E-AAA0F19AD8A0}.Release|x64.ActiveCfg = Release|x64
		{8C292374-7C40-4E66-900E-AAA0F19AD8A0}.Release|x64.Build.0 = Release|x64
		{8C292374-7C40-4E66-900E-AAA0F19AD8A0}.Release|x86.ActiveCfg = Release|Win32
		{8C292374-7C40-4E66-900E-AAA0F19AD8A0}.Release|x86.Build.0 = Release|Win32
	EndGlobalSection
	GlobalSection(SolutionProperties) = preSolution
		HideSolutionNode = FALSE
	EndGlobalSection
	GlobalSection(NestedProjects) = preSolution
		{5A6125DD-905E-42A8-B0A7-13B9D227612C} = {1D79BD9B-0C6C-498E-9E28-0105ACBBCE0E}
		{607790F3-C035-48E4-9978-1510DB7A0FAD} = {1D79BD9B-0C6C-498E-9E28-0105ACBBCE0E}
		{E0DCFBB7-620C-4C95-A163-B443F9E31839} = {DAC82564-B484-45CD-B2C9-8B165D62315D}
		{52952158-5D18-4A25-B41A-9396FE16B37A} = {1D79BD9B-0C6C-498E-9E28-0105ACBBCE0E}
		{728270C7-A7BD-401D-8D0A-35B8FF659CF6} = {1D79BD9B-0C6C-498E-9E28-0105ACBBCE0E}
		{A04F8B60-B493-425F-9D7B-7CAEF87AC3B8} = {1D79BD9B-0C6C-498E-9E28-0105ACBBCE0E}
		{39A77DFE-DC0A-4905-853C-0F23B458404A} = {1D79BD9B-0C6C-498E-9E28-0105ACBBCE0E}
		{C8EC9218-2826-46D4-B046-C8E28FA0C1E2} = {DAC82564-B484-45CD-B2C9-8B165D62315D}
		{0083FDB4-2E82-4301-B676-812F636267A9} = {199ADA42-3B48-4C06-A978-81A2AE4961A9}
		{8C9D09A0-A75F-4F7E-B564-73A2928DAB33} = {DAC82564-B484-45CD-B2C9-8B165D62315D}
		{E9228EEB-9314-46E6-85E2-6E0918656E57} = {DAC82564-B484-45CD-B2C9-8B165D62315D}
		{D6B23B4C-417A-4D56-A92A-348715DE2306} = {1D79BD9B-0C6C-498E-9E28-0105ACBBCE0E}
		{1AC17CF9-13FB-47DD-B0A0-60E774B4A6D2} = {DAC82564-B484-45CD-B2C9-8B165D62315D}
		{F62034B8-59BA-4DDF-8737-3F2A6D5A1F1A} = {DAC82564-B484-45CD-B2C9-8B165D62315D}
		{D8542179-8F20-46F3-AAED-508672D0900E} = {DAC82564-B484-45CD-B2C9-8B165D62315D}
		{23B0576C-B887-48F6-8FE9-22D18CEAE426} = {DAC82564-B484-45CD-B2C9-8B165D62315D}
		{5B515F14-4E66-4650-B5F2-BD6C60A92C65} = {1D79BD9B-0C6C-498E-9E28-0105ACBBCE0E}
		{770EEFB3-9C1E-4D07-89FD-A10998ECE425} = {C57DE1C6-EC7F-4EB4-8A4C-9BE86095D07E}
		{4584BE5D-E5C4-43F0-B20A-6BAC70DE67CA} = {C57DE1C6-EC7F-4EB4-8A4C-9BE86095D07E}
		{8C292374-7C40-4E66-900E-AAA0F19AD8A0} = {C57DE1C6-EC7F-4EB4-8A4C-9BE86095D07E}
	EndGlobalSection
	GlobalSection(ExtensibilityGlobals) = postSolution
		SolutionGuid = {33E57307-691C-4665-B9E3-EC0BB462D735}
	EndGlobalSection
EndGlobal
