<?xml version="1.0" encoding="utf-8"?>
<Project ToolsVersion="4.0" xmlns="http://schemas.microsoft.com/developer/msbuild/2003">
  <ItemGroup>
    <ClCompile Include="OOD.cpp" />
  </ItemGroup>
  <ItemGroup>
    <ClInclude Include="LRUCache.h" />
    <ClInclude Include="LRUCacheInt.h" />
    <ClInclude Include="FirstNonRepeating.h" />
    <ClInclude Include="MedianFinder.h" />
    <ClInclude Include="Codec.h" />
    <ClInclude Include="TicTacToe.h" />
    <ClInclude Include="AutoComplete.h" />
    <ClInclude Include="RandomizedSet.h" />
    <ClInclude Include="NestedIterator.h" />
    <ClInclude Include="ParkingLot.h" />
    <ClInclude Include="LFUCache.h" />
  </ItemGroup>
</Project>