<?xml version="1.0" encoding="utf-8"?>
<Project ToolsVersion="4.0" xmlns="http://schemas.microsoft.com/developer/msbuild/2003">
  <ItemGroup>
    <ClInclude Include="DequeBy3Stacks.h" />
    <ClInclude Include="QueueBy2Stacks.h" />
    <ClInclude Include="QueueByLinkedList.h" />
    <ClInclude Include="SortWith2Stacks.h" />
    <ClInclude Include="StackByLinkedList.h" />
    <ClInclude Include="StackByQueues.h" />
  </ItemGroup>
</Project>